
Microsoft Visual Studio Solution File, Format Version 11.00
# Visual Studio 2010
Project("{FAE04EC0-301F-11D3-BF4B-00C04F79EFBC}") = "PointOfSaleTerminal", "PointOfSaleTerminal.csproj", "{7D1B7C4B-3889-4910-8CC1-2C147BC5874B}"
EndProject
Global
	GlobalSection(SolutionConfigurationPlatforms) = preSolution
		Debug|x86 = Debug|x86
		Release|x86 = Release|x86
	EndGlobalSection
	GlobalSection(ProjectConfigurationPlatforms) = postSolution
		{7D1B7C4B-3889-4910-8CC1-2C147BC5874B}.Debug|x86.ActiveCfg = Debug|x86
		{7D1B7C4B-3889-4910-8CC1-2C147BC5874B}.Debug|x86.Build.0 = Debug|x86
		{7D1B7C4B-3889-4910-8CC1-2C147BC5874B}.Release|x86.ActiveCfg = Release|x86
		{7D1B7C4B-3889-4910-8CC1-2C147BC5874B}.Release|x86.Build.0 = Release|x86
	EndGlobalSection
	GlobalSection(SolutionProperties) = preSolution
		HideSolutionNode = FALSE
	EndGlobalSection
EndGlobal
